
Microsoft Visual Studio Solution File, Format Version 12.00
# Visual Studio 14
VisualStudioVersion = 14.0.25420.1
MinimumVisualStudioVersion = 10.0.40219.1
Project("{FAE04EC0-301F-11D3-BF4B-00C04F79EFBC}") = "Intents", "Intents\Intents.csproj", "{57F9E348-722C-4E58-9BDF-D2C8F10B99EA}"
EndProject
Project("{FAE04EC0-301F-11D3-BF4B-00C04F79EFBC}") = "Intents.Web", "Intents.Web\Intents.Web.csproj", "{9056E422-FCF5-409F-A019-4D0AEEBA5937}"
EndProject
Project("{FAE04EC0-301F-11D3-BF4B-00C04F79EFBC}") = "Intents.Mvc", "Intents.Mvc\Intents.Mvc.csproj", "{37F7F174-9C28-4A54-ACEF-43C6586C217B}"
EndProject
Project("{FAE04EC0-301F-11D3-BF4B-00C04F79EFBC}") = "Intents.Mvc.Tests", "Intents.Mvc.Tests\Intents.Mvc.Tests.csproj", "{3BAC4255-A50F-4DA4-89D4-F803678F9E0E}"
EndProject
Project("{2150E333-8FDC-42A3-9474-1A3956D46DE8}") = "Documents", "Documents", "{D691527F-437F-49E2-8A1B-AC27163AAFB3}"
	ProjectSection(SolutionItems) = preProject
		README.md = README.md
	EndProjectSection
EndProject
Global
	GlobalSection(SolutionConfigurationPlatforms) = preSolution
		Debug|Any CPU = Debug|Any CPU
		Release|Any CPU = Release|Any CPU
	EndGlobalSection
	GlobalSection(ProjectConfigurationPlatforms) = postSolution
		{57F9E348-722C-4E58-9BDF-D2C8F10B99EA}.Debug|Any CPU.ActiveCfg = Debug|Any CPU
		{57F9E348-722C-4E58-9BDF-D2C8F10B99EA}.Debug|Any CPU.Build.0 = Debug|Any CPU
		{57F9E348-722C-4E58-9BDF-D2C8F10B99EA}.Release|Any CPU.ActiveCfg = Release|Any CPU
		{57F9E348-722C-4E58-9BDF-D2C8F10B99EA}.Release|Any CPU.Build.0 = Release|Any CPU
		{9056E422-FCF5-409F-A019-4D0AEEBA5937}.Debug|Any CPU.ActiveCfg = Debug|Any CPU
		{9056E422-FCF5-409F-A019-4D0AEEBA5937}.Debug|Any CPU.Build.0 = Debug|Any CPU
		{9056E422-FCF5-409F-A019-4D0AEEBA5937}.Release|Any CPU.ActiveCfg = Release|Any CPU
		{9056E422-FCF5-409F-A019-4D0AEEBA5937}.Release|Any CPU.Build.0 = Release|Any CPU
		{37F7F174-9C28-4A54-ACEF-43C6586C217B}.Debug|Any CPU.ActiveCfg = Debug|Any CPU
		{37F7F174-9C28-4A54-ACEF-43C6586C217B}.Debug|Any CPU.Build.0 = Debug|Any CPU
		{37F7F174-9C28-4A54-ACEF-43C6586C217B}.Release|Any CPU.ActiveCfg = Release|Any CPU
		{37F7F174-9C28-4A54-ACEF-43C6586C217B}.Release|Any CPU.Build.0 = Release|Any CPU
		{3BAC4255-A50F-4DA4-89D4-F803678F9E0E}.Debug|Any CPU.ActiveCfg = Debug|Any CPU
		{3BAC4255-A50F-4DA4-89D4-F803678F9E0E}.Debug|Any CPU.Build.0 = Debug|Any CPU
		{3BAC4255-A50F-4DA4-89D4-F803678F9E0E}.Release|Any CPU.ActiveCfg = Release|Any CPU
		{3BAC4255-A50F-4DA4-89D4-F803678F9E0E}.Release|Any CPU.Build.0 = Release|Any CPU
	EndGlobalSection
	GlobalSection(SolutionProperties) = preSolution
		HideSolutionNode = FALSE
	EndGlobalSection
EndGlobal
